
Microsoft Visual Studio Solution File, Format Version 12.00
# Visual Studio Version 16
VisualStudioVersion = 16.0.29519.87
MinimumVisualStudioVersion = 10.0.40219.1
Project("{FAE04EC0-301F-11D3-BF4B-00C04F79EFBC}") = "SampleDataChallenge", "SampleDataChallenge\SampleDataChallenge.csproj", "{52B61228-9F3D-4F1D-92BC-107F0497EDEC}"
EndProject
Global
	GlobalSection(SolutionConfigurationPlatforms) = preSolution
		Debug|Any CPU = Debug|Any CPU
		Release|Any CPU = Release|Any CPU
	EndGlobalSection
	GlobalSection(ProjectConfigurationPlatforms) = postSolution
		{52B61228-9F3D-4F1D-92BC-107F0497EDEC}.Debug|Any CPU.ActiveCfg = Debug|Any CPU
		{52B61228-9F3D-4F1D-92BC-107F0497EDEC}.Debug|Any CPU.Build.0 = Debug|Any CPU
		{52B61228-9F3D-4F1D-92BC-107F0497EDEC}.Release|Any CPU.ActiveCfg = Release|Any CPU
		{52B61228-9F3D-4F1D-92BC-107F0497EDEC}.Release|Any CPU.Build.0 = Release|Any CPU
	EndGlobalSection
	GlobalSection(SolutionProperties) = preSolution
		HideSolutionNode = FALSE
	EndGlobalSection
	GlobalSection(ExtensibilityGlobals) = postSolution
		SolutionGuid = {56742FCA-DFEE-45D1-8515-CB41DC619435}
	EndGlobalSection
EndGlobal
